
Microsoft Visual Studio Solution File, Format Version 12.00
# Visual Studio 15
VisualStudioVersion = 15.0.28307.438
MinimumVisualStudioVersion = 10.0.40219.1
Project("{FAE04EC0-301F-11D3-BF4B-00C04F79EFBC}") = "jQueryMask", "Mvc_jQueryMask\jQueryMask.csproj", "{D4CD62A6-F925-4A98-8BEF-E87E5C05401D}"
EndProject
Global
	GlobalSection(SolutionConfigurationPlatforms) = preSolution
		Debug|Any CPU = Debug|Any CPU
		Release|Any CPU = Release|Any CPU
	EndGlobalSection
	GlobalSection(ProjectConfigurationPlatforms) = postSolution
		{D4CD62A6-F925-4A98-8BEF-E87E5C05401D}.Debug|Any CPU.ActiveCfg = Debug|Any CPU
		{D4CD62A6-F925-4A98-8BEF-E87E5C05401D}.Debug|Any CPU.Build.0 = Debug|Any CPU
		{D4CD62A6-F925-4A98-8BEF-E87E5C05401D}.Release|Any CPU.ActiveCfg = Release|Any CPU
		{D4CD62A6-F925-4A98-8BEF-E87E5C05401D}.Release|Any CPU.Build.0 = Release|Any CPU
	EndGlobalSection
	GlobalSection(SolutionProperties) = preSolution
		HideSolutionNode = FALSE
	EndGlobalSection
	GlobalSection(ExtensibilityGlobals) = postSolution
		SolutionGuid = {5AFB1F52-355D-45A1-A9EE-9CEB27A71073}
	EndGlobalSection
EndGlobal
